{
  "lockfileVersion": 1,
  "workspaces": {
    "": {
      "name": "codebasemd",
      "dependencies": {
        "fast-glob": "^3.3.3",
        "ignore": "^7.0.3",
        "minimist": "^1.2.8",
      },
      "devDependencies": {
        "@biomejs/biome": "^1.9.4",
        "@rslib/core": "^0.3.2",
        "@types/minimist": "^1.2.5",
        "@types/node": "^22.10.10",
        "typescript": "^5",
      },
    },
  },
  "trustedDependencies": [
    "core-js",
    "@biomejs/biome",
  ],
  "packages": {
    "@biomejs/biome": ["@biomejs/biome@1.9.4", "", { "optionalDependencies": { "@biomejs/cli-darwin-arm64": "1.9.4", "@biomejs/cli-darwin-x64": "1.9.4", "@biomejs/cli-linux-arm64": "1.9.4", "@biomejs/cli-linux-arm64-musl": "1.9.4", "@biomejs/cli-linux-x64": "1.9.4", "@biomejs/cli-linux-x64-musl": "1.9.4", "@biomejs/cli-win32-arm64": "1.9.4", "@biomejs/cli-win32-x64": "1.9.4" }, "bin": { "biome": "bin/biome" } }, "sha512-1rkd7G70+o9KkTn5KLmDYXihGoTaIGO9PIIN2ZB7UJxFrWw04CZHPYiMRjYsaDvVV7hP1dYNRLxSANLaBFGpog=="],

    "@biomejs/cli-darwin-arm64": ["@biomejs/cli-darwin-arm64@1.9.4", "", { "os": "darwin", "cpu": "arm64" }, "sha512-bFBsPWrNvkdKrNCYeAp+xo2HecOGPAy9WyNyB/jKnnedgzl4W4Hb9ZMzYNbf8dMCGmUdSavlYHiR01QaYR58cw=="],

    "@biomejs/cli-darwin-x64": ["@biomejs/cli-darwin-x64@1.9.4", "", { "os": "darwin", "cpu": "x64" }, "sha512-ngYBh/+bEedqkSevPVhLP4QfVPCpb+4BBe2p7Xs32dBgs7rh9nY2AIYUL6BgLw1JVXV8GlpKmb/hNiuIxfPfZg=="],

    "@biomejs/cli-linux-arm64": ["@biomejs/cli-linux-arm64@1.9.4", "", { "os": "linux", "cpu": "arm64" }, "sha512-fJIW0+LYujdjUgJJuwesP4EjIBl/N/TcOX3IvIHJQNsAqvV2CHIogsmA94BPG6jZATS4Hi+xv4SkBBQSt1N4/g=="],

    "@biomejs/cli-linux-arm64-musl": ["@biomejs/cli-linux-arm64-musl@1.9.4", "", { "os": "linux", "cpu": "arm64" }, "sha512-v665Ct9WCRjGa8+kTr0CzApU0+XXtRgwmzIf1SeKSGAv+2scAlW6JR5PMFo6FzqqZ64Po79cKODKf3/AAmECqA=="],

    "@biomejs/cli-linux-x64": ["@biomejs/cli-linux-x64@1.9.4", "", { "os": "linux", "cpu": "x64" }, "sha512-lRCJv/Vi3Vlwmbd6K+oQ0KhLHMAysN8lXoCI7XeHlxaajk06u7G+UsFSO01NAs5iYuWKmVZjmiOzJ0OJmGsMwg=="],

    "@biomejs/cli-linux-x64-musl": ["@biomejs/cli-linux-x64-musl@1.9.4", "", { "os": "linux", "cpu": "x64" }, "sha512-gEhi/jSBhZ2m6wjV530Yy8+fNqG8PAinM3oV7CyO+6c3CEh16Eizm21uHVsyVBEB6RIM8JHIl6AGYCv6Q6Q9Tg=="],

    "@biomejs/cli-win32-arm64": ["@biomejs/cli-win32-arm64@1.9.4", "", { "os": "win32", "cpu": "arm64" }, "sha512-tlbhLk+WXZmgwoIKwHIHEBZUwxml7bRJgk0X2sPyNR3S93cdRq6XulAZRQJ17FYGGzWne0fgrXBKpl7l4M87Hg=="],

    "@biomejs/cli-win32-x64": ["@biomejs/cli-win32-x64@1.9.4", "", { "os": "win32", "cpu": "x64" }, "sha512-8Y5wMhVIPaWe6jw2H+KlEm4wP/f7EW3810ZLmDlrEEy5KvBsb9ECEfu/kMWD484ijfQ8+nIi0giMgu9g1UAuuA=="],

    "@jridgewell/sourcemap-codec": ["@jridgewell/sourcemap-codec@1.5.0", "", {}, "sha512-gv3ZRaISU3fjPAgNsriBRqGWQL6quFx04YMPW/zD8XMLsU32mhCCbfbO6KZFLjvYpCZ8zyDEgqsgf+PwPaM7GQ=="],

    "@module-federation/error-codes": ["@module-federation/error-codes@0.8.4", "", {}, "sha512-55LYmrDdKb4jt+qr8qE8U3al62ZANp3FhfVaNPOaAmdTh0jHdD8M3yf5HKFlr5xVkVO4eV/F/J2NCfpbh+pEXQ=="],

    "@module-federation/runtime": ["@module-federation/runtime@0.8.4", "", { "dependencies": { "@module-federation/error-codes": "0.8.4", "@module-federation/sdk": "0.8.4" } }, "sha512-yZeZ7z2Rx4gv/0E97oLTF3V6N25vglmwXGgoeju/W2YjsFvWzVtCDI7zRRb0mJhU6+jmSM8jP1DeQGbea/AiZQ=="],

    "@module-federation/runtime-tools": ["@module-federation/runtime-tools@0.8.4", "", { "dependencies": { "@module-federation/runtime": "0.8.4", "@module-federation/webpack-bundler-runtime": "0.8.4" } }, "sha512-fjVOsItJ1u5YY6E9FnS56UDwZgqEQUrWFnouRiPtK123LUuqUI9FH4redZoKWlE1PB0ir1Z3tnqy8eFYzPO38Q=="],

    "@module-federation/sdk": ["@module-federation/sdk@0.8.4", "", { "dependencies": { "isomorphic-rslog": "0.0.6" } }, "sha512-waABomIjg/5m1rPDBWYG4KUhS5r7OUUY7S+avpaVIY/tkPWB3ibRDKy2dNLLAMaLKq0u+B1qIdEp4NIWkqhqpg=="],

    "@module-federation/webpack-bundler-runtime": ["@module-federation/webpack-bundler-runtime@0.8.4", "", { "dependencies": { "@module-federation/runtime": "0.8.4", "@module-federation/sdk": "0.8.4" } }, "sha512-HggROJhvHPUX7uqBD/XlajGygMNM1DG0+4OAkk8MBQe4a18QzrRNzZt6XQbRTSG4OaEoyRWhQHvYD3Yps405tQ=="],

    "@nodelib/fs.scandir": ["@nodelib/fs.scandir@2.1.5", "", { "dependencies": { "@nodelib/fs.stat": "2.0.5", "run-parallel": "^1.1.9" } }, "sha512-vq24Bq3ym5HEQm2NKCr3yXDwjc7vTsEThRDnkp2DK9p1uqLR+DHurm/NOTo0KG7HYHU7eppKZj3MyqYuMBf62g=="],

    "@nodelib/fs.stat": ["@nodelib/fs.stat@2.0.5", "", {}, "sha512-RkhPPp2zrqDAQA/2jNhnztcPAlv64XdhIp7a7454A5ovI7Bukxgt7MX7udwAu3zg1DcpPU0rz3VV1SeaqvY4+A=="],

    "@nodelib/fs.walk": ["@nodelib/fs.walk@1.2.8", "", { "dependencies": { "@nodelib/fs.scandir": "2.1.5", "fastq": "^1.6.0" } }, "sha512-oGB+UxlgWcgQkgwo8GcEGwemoTFt3FIO9ababBmaGwXIoBKZ+GTy0pP185beGg7Llih/NSHSV2XAs1lnznocSg=="],

    "@rsbuild/core": ["@rsbuild/core@1.2.0-beta.1", "", { "dependencies": { "@rspack/core": "1.2.0-beta.0", "@rspack/lite-tapable": "~1.0.1", "@swc/helpers": "^0.5.15", "core-js": "~3.40.0" }, "bin": { "rsbuild": "bin/rsbuild.js" } }, "sha512-+TzwALD2xEpgc2FQgjn1CtNtE2CTS1FELuWXpjI4AABjytYDGdaOHvHyCLXHiJpuvDdnyJumoN/T8i8zhbTkPg=="],

    "@rslib/core": ["@rslib/core@0.3.2", "", { "dependencies": { "@rsbuild/core": "1.2.0-beta.1", "rsbuild-plugin-dts": "0.3.2", "tinyglobby": "^0.2.10" }, "peerDependencies": { "@microsoft/api-extractor": "^7", "typescript": "^5" }, "optionalPeers": ["@microsoft/api-extractor", "typescript"], "bin": { "rslib": "bin/rslib.js" } }, "sha512-BdR/1kjR+Jk614je0ijjEwGoY44fLtPg6PoWHoKfzMkqNMtFg40AwMaBS04SylvR4BuUt1Q+9k6NQ/IWdE5HWg=="],

    "@rspack/binding": ["@rspack/binding@1.2.0-beta.0", "", { "optionalDependencies": { "@rspack/binding-darwin-arm64": "1.2.0-beta.0", "@rspack/binding-darwin-x64": "1.2.0-beta.0", "@rspack/binding-linux-arm64-gnu": "1.2.0-beta.0", "@rspack/binding-linux-arm64-musl": "1.2.0-beta.0", "@rspack/binding-linux-x64-gnu": "1.2.0-beta.0", "@rspack/binding-linux-x64-musl": "1.2.0-beta.0", "@rspack/binding-win32-arm64-msvc": "1.2.0-beta.0", "@rspack/binding-win32-ia32-msvc": "1.2.0-beta.0", "@rspack/binding-win32-x64-msvc": "1.2.0-beta.0" } }, "sha512-ZUBWVKCVC3uunZhjH7FAVLP83r/6QvPmYViA6n0JF3ycBmcJLkHJb26v42j6d5EfYfTtNvfRUlzHckIkFDQeDQ=="],

    "@rspack/binding-darwin-arm64": ["@rspack/binding-darwin-arm64@1.2.0-beta.0", "", { "os": "darwin", "cpu": "arm64" }, "sha512-g8NgY4OIjZf5LabAKOHNr2rs/WzVaxXpOSVsdHztQL6ETdeEpIPUul4p/5zivFNcrvJxVVeHzKJHyB5lqxDcTA=="],

    "@rspack/binding-darwin-x64": ["@rspack/binding-darwin-x64@1.2.0-beta.0", "", { "os": "darwin", "cpu": "x64" }, "sha512-+BH/1UpG96exJc6KhDOiSHAb05bUwxbYCd37HAJwcLxQgB7IEmPtBYvV5CtHysteM5NBtbNeeAcyXK+dIYvUew=="],

    "@rspack/binding-linux-arm64-gnu": ["@rspack/binding-linux-arm64-gnu@1.2.0-beta.0", "", { "os": "linux", "cpu": "arm64" }, "sha512-LdIBNy5WAXJ1J9nB3bEyvqz7mJrMN/7cCtPHMmFBR1aTFbh1NAjYZl24fc+f59aSV5jAU9wfTrOtqtSwnXg4tQ=="],

    "@rspack/binding-linux-arm64-musl": ["@rspack/binding-linux-arm64-musl@1.2.0-beta.0", "", { "os": "linux", "cpu": "arm64" }, "sha512-4tRi87UyEWV25X6Ul68kJJ/de/cwmASmrIUrCYmdWEdtWMN46UOz0OvxCYvcHTf0DCP8M1CZf0cSiRuG/hsxGA=="],

    "@rspack/binding-linux-x64-gnu": ["@rspack/binding-linux-x64-gnu@1.2.0-beta.0", "", { "os": "linux", "cpu": "x64" }, "sha512-rWWrPwUH3V4yG46acZDIlqr7H/yCxbu+WdPhdIRBvgT7bisQkZa2HYx6MXmUXxx94U2iFy5bh+un0ho5FZOeCg=="],

    "@rspack/binding-linux-x64-musl": ["@rspack/binding-linux-x64-musl@1.2.0-beta.0", "", { "os": "linux", "cpu": "x64" }, "sha512-9pgL17Bk8aSrTBx6VfQbb313RInDjlY9DfgV5ybbSsWaFs/oAs4oPy+kepWWixfb9Y2q/74bSBPrBNTBYQpknw=="],

    "@rspack/binding-win32-arm64-msvc": ["@rspack/binding-win32-arm64-msvc@1.2.0-beta.0", "", { "os": "win32", "cpu": "arm64" }, "sha512-JQ06Q3uTclIk4AvKUqx0Royx2PqVcUuumEUFVWERbd01fntkQqI3RFrPazBYAIvk5JmXk40+CKA1CsFef4RKOA=="],

    "@rspack/binding-win32-ia32-msvc": ["@rspack/binding-win32-ia32-msvc@1.2.0-beta.0", "", { "os": "win32", "cpu": "ia32" }, "sha512-rNz/sXjXLAqCZkDuTumqm9Aa47Hiu45+vkJ0XvbirJ0A+dzuyGjdtlinwLyZtCY+dVAlS+AcX5znJLlpTSnjjA=="],

    "@rspack/binding-win32-x64-msvc": ["@rspack/binding-win32-x64-msvc@1.2.0-beta.0", "", { "os": "win32", "cpu": "x64" }, "sha512-LKFcgaeEo7G6YLE5aKIbeWzXUpVZc02u0q4as0TjTTRBHd8r21GeaGJVh1Xm9YBkHpIX8Ho1DMftYVd+F6gHzw=="],

    "@rspack/core": ["@rspack/core@1.2.0-beta.0", "", { "dependencies": { "@module-federation/runtime-tools": "0.8.4", "@rspack/binding": "1.2.0-beta.0", "@rspack/lite-tapable": "1.0.1", "caniuse-lite": "^1.0.30001616" }, "peerDependencies": { "@swc/helpers": ">=0.5.1" }, "optionalPeers": ["@swc/helpers"] }, "sha512-0o0EYNeCwbRrh1l+P6HEKGS3Y+SVE/+J6SqDGGBsOixt/YzFeYNeaePWUnFfQ8a27jp9s//Ix6iuxMYGjWmitA=="],

    "@rspack/lite-tapable": ["@rspack/lite-tapable@1.0.1", "", {}, "sha512-VynGOEsVw2s8TAlLf/uESfrgfrq2+rcXB1muPJYBWbsm1Oa6r5qVQhjA5ggM6z/coYPrsVMgovl3Ff7Q7OCp1w=="],

    "@swc/helpers": ["@swc/helpers@0.5.15", "", { "dependencies": { "tslib": "^2.8.0" } }, "sha512-JQ5TuMi45Owi4/BIMAJBoSQoOJu12oOk/gADqlcUL9JEdHB8vyjUSsxqeNXnmXHjYKMi2WcYtezGEEhqUI/E2g=="],

    "@types/minimist": ["@types/minimist@1.2.5", "", {}, "sha512-hov8bUuiLiyFPGyFPE1lwWhmzYbirOXQNNo40+y3zow8aFVTeyn3VWL0VFFfdNddA8S4Vf0Tc062rzyNr7Paag=="],

    "@types/node": ["@types/node@22.10.10", "", { "dependencies": { "undici-types": "~6.20.0" } }, "sha512-X47y/mPNzxviAGY5TcYPtYL8JsY3kAq2n8fMmKoRCxq/c4v4pyGNCzM2R6+M5/umG4ZfHuT+sgqDYqWc9rJ6ww=="],

    "braces": ["braces@3.0.3", "", { "dependencies": { "fill-range": "^7.1.1" } }, "sha512-yQbXgO/OSZVD2IsiLlro+7Hf6Q18EJrKSEsdoMzKePKXct3gvD8oLcOQdIzGupr5Fj+EDe8gO/lxc1BzfMpxvA=="],

    "caniuse-lite": ["caniuse-lite@1.0.30001695", "", {}, "sha512-vHyLade6wTgI2u1ec3WQBxv+2BrTERV28UXQu9LO6lZ9pYeMk34vjXFLOxo1A4UBA8XTL4njRQZdno/yYaSmWw=="],

    "core-js": ["core-js@3.40.0", "", {}, "sha512-7vsMc/Lty6AGnn7uFpYT56QesI5D2Y/UkgKounk87OP9Z2H9Z8kj6jzcSGAxFmUtDOS0ntK6lbQz+Nsa0Jj6mQ=="],

    "fast-glob": ["fast-glob@3.3.3", "", { "dependencies": { "@nodelib/fs.stat": "^2.0.2", "@nodelib/fs.walk": "^1.2.3", "glob-parent": "^5.1.2", "merge2": "^1.3.0", "micromatch": "^4.0.8" } }, "sha512-7MptL8U0cqcFdzIzwOTHoilX9x5BrNqye7Z/LuC7kCMRio1EMSyqRK3BEAUD7sXRq4iT4AzTVuZdhgQ2TCvYLg=="],

    "fastq": ["fastq@1.18.0", "", { "dependencies": { "reusify": "^1.0.4" } }, "sha512-QKHXPW0hD8g4UET03SdOdunzSouc9N4AuHdsX8XNcTsuz+yYFILVNIX4l9yHABMhiEI9Db0JTTIpu0wB+Y1QQw=="],

    "fdir": ["fdir@6.4.3", "", { "peerDependencies": { "picomatch": "^3 || ^4" }, "optionalPeers": ["picomatch"] }, "sha512-PMXmW2y1hDDfTSRc9gaXIuCCRpuoz3Kaz8cUelp3smouvfT632ozg2vrT6lJsHKKOF59YLbOGfAWGUcKEfRMQw=="],

    "fill-range": ["fill-range@7.1.1", "", { "dependencies": { "to-regex-range": "^5.0.1" } }, "sha512-YsGpe3WHLK8ZYi4tWDg2Jy3ebRz2rXowDxnld4bkQB00cc/1Zw9AWnC0i9ztDJitivtQvaI9KaLyKrc+hBW0yg=="],

    "glob-parent": ["glob-parent@5.1.2", "", { "dependencies": { "is-glob": "^4.0.1" } }, "sha512-AOIgSQCepiJYwP3ARnGx+5VnTu2HBYdzbGP45eLw1vr3zB3vZLeyed1sC9hnbcOc9/SrMyM5RPQrkGz4aS9Zow=="],

    "ignore": ["ignore@7.0.3", "", {}, "sha512-bAH5jbK/F3T3Jls4I0SO1hmPR0dKU0a7+SY6n1yzRtG54FLO8d6w/nxLFX2Nb7dBu6cCWXPaAME6cYqFUMmuCA=="],

    "is-extglob": ["is-extglob@2.1.1", "", {}, "sha512-SbKbANkN603Vi4jEZv49LeVJMn4yGwsbzZworEoyEiutsN3nJYdbO36zfhGJ6QEDpOZIFkDtnq5JRxmvl3jsoQ=="],

    "is-glob": ["is-glob@4.0.3", "", { "dependencies": { "is-extglob": "^2.1.1" } }, "sha512-xelSayHH36ZgE7ZWhli7pW34hNbNl8Ojv5KVmkJD4hBdD3th8Tfk9vYasLM+mXWOZhFkgZfxhLSnrwRr4elSSg=="],

    "is-number": ["is-number@7.0.0", "", {}, "sha512-41Cifkg6e8TylSpdtTpeLVMqvSBEVzTttHvERD741+pnZ8ANv0004MRL43QKPDlK9cGvNp6NZWZUBlbGXYxxng=="],

    "isomorphic-rslog": ["isomorphic-rslog@0.0.6", "", {}, "sha512-HM0q6XqQ93psDlqvuViNs/Ea3hAyGDkIdVAHlrEocjjAwGrs1fZ+EdQjS9eUPacnYB7Y8SoDdSY3H8p3ce205A=="],

    "magic-string": ["magic-string@0.30.17", "", { "dependencies": { "@jridgewell/sourcemap-codec": "^1.5.0" } }, "sha512-sNPKHvyjVf7gyjwS4xGTaW/mCnF8wnjtifKBEhxfZ7E/S8tQ0rssrwGNn6q8JH/ohItJfSQp9mBtQYuTlH5QnA=="],

    "merge2": ["merge2@1.4.1", "", {}, "sha512-8q7VEgMJW4J8tcfVPy8g09NcQwZdbwFEqhe/WZkoIzjn/3TGDwtOCYtXGxA3O8tPzpczCCDgv+P2P5y00ZJOOg=="],

    "micromatch": ["micromatch@4.0.8", "", { "dependencies": { "braces": "^3.0.3", "picomatch": "^2.3.1" } }, "sha512-PXwfBhYu0hBCPw8Dn0E+WDYb7af3dSLVWKi3HGv84IdF4TyFoC0ysxFd0Goxw7nSv4T/PzEJQxsYsEiFCKo2BA=="],

    "minimist": ["minimist@1.2.8", "", {}, "sha512-2yyAR8qBkN3YuheJanUpWC5U3bb5osDywNB8RzDVlDwDHbocAJveqqj1u8+SVD7jkWT4yvsHCpWqqWqAxb0zCA=="],

    "picocolors": ["picocolors@1.1.1", "", {}, "sha512-xceH2snhtb5M9liqDsmEw56le376mTZkEX/jEb/RxNFyegNul7eNslCXP9FDj/Lcu0X8KEyMceP2ntpaHrDEVA=="],

    "picomatch": ["picomatch@4.0.2", "", {}, "sha512-M7BAV6Rlcy5u+m6oPhAPFgJTzAioX/6B0DxyvDlo9l8+T3nLKbrczg2WLUyzd45L8RqfUMyGPzekbMvX2Ldkwg=="],

    "queue-microtask": ["queue-microtask@1.2.3", "", {}, "sha512-NuaNSa6flKT5JaSYQzJok04JzTL1CA6aGhv5rfLW3PgqA+M2ChpZQnAC8h8i4ZFkBS8X5RqkDBHA7r4hej3K9A=="],

    "reusify": ["reusify@1.0.4", "", {}, "sha512-U9nH88a3fc/ekCF1l0/UP1IosiuIjyTh7hBvXVMHYgVcfGvt897Xguj2UOLDeI5BG2m7/uwyaLVT6fbtCwTyzw=="],

    "rsbuild-plugin-dts": ["rsbuild-plugin-dts@0.3.2", "", { "dependencies": { "magic-string": "^0.30.17", "picocolors": "1.1.1", "tinyglobby": "^0.2.10" }, "peerDependencies": { "@microsoft/api-extractor": "^7", "@rsbuild/core": "1.x", "typescript": "^5" }, "optionalPeers": ["@microsoft/api-extractor", "typescript"] }, "sha512-Gjaf5ANA6R9t92Va6utNG1iyRxCE0QLoswKvR5UkOkX5GUpNyWveze+k/6L/qrkgqGRuJqUuYX3lrwatrOUZ3A=="],

    "run-parallel": ["run-parallel@1.2.0", "", { "dependencies": { "queue-microtask": "^1.2.2" } }, "sha512-5l4VyZR86LZ/lDxZTR6jqL8AFE2S0IFLMP26AbjsLVADxHdhB/c0GUsH+y39UfCi3dzz8OlQuPmnaJOMoDHQBA=="],

    "tinyglobby": ["tinyglobby@0.2.10", "", { "dependencies": { "fdir": "^6.4.2", "picomatch": "^4.0.2" } }, "sha512-Zc+8eJlFMvgatPZTl6A9L/yht8QqdmUNtURHaKZLmKBE12hNPSrqNkUp2cs3M/UKmNVVAMFQYSjYIVHDjW5zew=="],

    "to-regex-range": ["to-regex-range@5.0.1", "", { "dependencies": { "is-number": "^7.0.0" } }, "sha512-65P7iz6X5yEr1cwcgvQxbbIw7Uk3gOy5dIdtZ4rDveLqhrdJP+Li/Hx6tyK0NEb+2GCyneCMJiGqrADCSNk8sQ=="],

    "tslib": ["tslib@2.8.1", "", {}, "sha512-oJFu94HQb+KVduSUQL7wnpmqnfmLsOA/nAh6b6EH0wCEoK0/mPeXU6c3wKDV83MkOuHPRHtSXKKU99IBazS/2w=="],

    "typescript": ["typescript@5.7.3", "", { "bin": { "tsc": "bin/tsc", "tsserver": "bin/tsserver" } }, "sha512-84MVSjMEHP+FQRPy3pX9sTVV/INIex71s9TL2Gm5FG/WG1SqXeKyZ0k7/blY/4FdOzI12CBy1vGc4og/eus0fw=="],

    "undici-types": ["undici-types@6.20.0", "", {}, "sha512-Ny6QZ2Nju20vw1SRHe3d9jVu6gJ+4e3+MMpqu7pqE5HT6WsTSlce++GQmK5UXS8mzV8DSYHrQH+Xrf2jVcuKNg=="],

    "micromatch/picomatch": ["picomatch@2.3.1", "", {}, "sha512-JU3teHTNjmE2VCGFzuY8EXzCDVwEqB2a8fsIvwaStHhAWJEeVd1o1QD80CU6+ZdEXXSLbSsuLwJjkCBWqRQUVA=="],
  }
}
